// !$*UTF8*$!
{
	archiveVersion = 1;
	classes = {
	};
	objectVersion = 55;
	objects = {

/* Begin PBXBuildFile section */
		BF0082862886B3A7004E9D9E /* bar.json in Resources */ = {isa = PBXBuildFile; fileRef = BF0082852886B3A7004E9D9E /* bar.json */; };
		BFE1B8912886B0690006B8F2 /* Dreamy_ParadiseApp.swift in Sources */ = {isa = PBXBuildFile; fileRef = BFE1B8902886B0690006B8F2 /* Dreamy_ParadiseApp.swift */; };
		BFE1B8932886B0690006B8F2 /* ContentView.swift in Sources */ = {isa = PBXBuildFile; fileRef = BFE1B8922886B0690006B8F2 /* ContentView.swift */; };
		BFE1B8952886B06A0006B8F2 /* Assets.xcassets in Resources */ = {isa = PBXBuildFile; fileRef = BFE1B8942886B06A0006B8F2 /* Assets.xcassets */; };
		BFE1B8982886B06A0006B8F2 /* Preview Assets.xcassets in Resources */ = {isa = PBXBuildFile; fileRef = BFE1B8972886B06A0006B8F2 /* Preview Assets.xcassets */; };
		BFE1B8B72886B1960006B8F2 /* Bar.swift in Sources */ = {isa = PBXBuildFile; fileRef = BFE1B8B62886B1960006B8F2 /* Bar.swift */; };
		BFE1B8B92886B2920006B8F2 /* ModelData.swift in Sources */ = {isa = PBXBuildFile; fileRef = BFE1B8B82886B2920006B8F2 /* ModelData.swift */; };
		BFE1B8BC2886B2C10006B8F2 /* BarRow.swift in Sources */ = {isa = PBXBuildFile; fileRef = BFE1B8BB2886B2C10006B8F2 /* BarRow.swift */; };
		BFE1B8BE2886B2E70006B8F2 /* CircleImage.swift in Sources */ = {isa = PBXBuildFile; fileRef = BFE1B8BD2886B2E70006B8F2 /* CircleImage.swift */; };
		BFE1B8C02886B33D0006B8F2 /* MapView.swift in Sources */ = {isa = PBXBuildFile; fileRef = BFE1B8BF2886B33D0006B8F2 /* MapView.swift */; };
/* End PBXBuildFile section */

/* Begin PBXFileReference section */
		BF0082852886B3A7004E9D9E /* bar.json */ = {isa = PBXFileReference; fileEncoding = 4; lastKnownFileType = text.json; name = bar.json; path = "../../../../Dreamy Paradise Test/Dreamy-Paradise/Resources/bar.json"; sourceTree = "<group>"; };
		BFE1B88D2886B0690006B8F2 /* Dreamy Paradise.app */ = {isa = PBXFileReference; explicitFileType = wrapper.application; includeInIndex = 0; path = "Dreamy Paradise.app"; sourceTree = BUILT_PRODUCTS_DIR; };
		BFE1B8902886B0690006B8F2 /* Dreamy_ParadiseApp.swift */ = {isa = PBXFileReference; lastKnownFileType = sourcecode.swift; path = Dreamy_ParadiseApp.swift; sourceTree = "<group>"; };
		BFE1B8922886B0690006B8F2 /* ContentView.swift */ = {isa = PBXFileReference; lastKnownFileType = sourcecode.swift; path = ContentView.swift; sourceTree = "<group>"; };
		BFE1B8942886B06A0006B8F2 /* Assets.xcassets */ = {isa = PBXFileReference; lastKnownFileType = folder.assetcatalog; path = Assets.xcassets; sourceTree = "<group>"; };
		BFE1B8972886B06A0006B8F2 /* Preview Assets.xcassets */ = {isa = PBXFileReference; lastKnownFileType = folder.assetcatalog; path = "Preview Assets.xcassets"; sourceTree = "<group>"; };
		BFE1B8B62886B1960006B8F2 /* Bar.swift */ = {isa = PBXFileReference; lastKnownFileType = sourcecode.swift; path = Bar.swift; sourceTree = "<group>"; };
		BFE1B8B82886B2920006B8F2 /* ModelData.swift */ = {isa = PBXFileReference; lastKnownFileType = sourcecode.swift; path = ModelData.swift; sourceTree = "<group>"; };
		BFE1B8BB2886B2C10006B8F2 /* BarRow.swift */ = {isa = PBXFileReference; lastKnownFileType = sourcecode.swift; path = BarRow.swift; sourceTree = "<group>"; };
		BFE1B8BD2886B2E70006B8F2 /* CircleImage.swift */ = {isa = PBXFileReference; lastKnownFileType = sourcecode.swift; path = CircleImage.swift; sourceTree = "<group>"; };
		BFE1B8BF2886B33D0006B8F2 /* MapView.swift */ = {isa = PBXFileReference; lastKnownFileType = sourcecode.swift; path = MapView.swift; sourceTree = "<group>"; };
/* End PBXFileReference section */

/* Begin PBXFrameworksBuildPhase section */
		BFE1B88A2886B0690006B8F2 /* Frameworks */ = {
			isa = PBXFrameworksBuildPhase;
			buildActionMask = 2147483647;
			files = (
			);
			runOnlyForDeploymentPostprocessing = 0;
		};
/* End PBXFrameworksBuildPhase section */

/* Begin PBXGroup section */
		BFE1B8842886B0690006B8F2 = {
			isa = PBXGroup;
			children = (
				BFE1B88F2886B0690006B8F2 /* Dreamy Paradise */,
				BFE1B88E2886B0690006B8F2 /* Products */,
			);
			sourceTree = "<group>";
		};
		BFE1B88E2886B0690006B8F2 /* Products */ = {
			isa = PBXGroup;
			children = (
				BFE1B88D2886B0690006B8F2 /* Dreamy Paradise.app */,
			);
			name = Products;
			sourceTree = "<group>";
		};
		BFE1B88F2886B0690006B8F2 /* Dreamy Paradise */ = {
			isa = PBXGroup;
			children = (
				BFE1B8C12886B3820006B8F2 /* Resources */,
				BFE1B8BA2886B2A10006B8F2 /* View */,
				BFE1B8B52886B1810006B8F2 /* Model */,
				BFE1B8902886B0690006B8F2 /* Dreamy_ParadiseApp.swift */,
				BFE1B8942886B06A0006B8F2 /* Assets.xcassets */,
				BFE1B8962886B06A0006B8F2 /* Preview Content */,
			);
			path = "Dreamy Paradise";
			sourceTree = "<group>";
		};
		BFE1B8962886B06A0006B8F2 /* Preview Content */ = {
			isa = PBXGroup;
			children = (
				BFE1B8972886B06A0006B8F2 /* Preview Assets.xcassets */,
			);
			path = "Preview Content";
			sourceTree = "<group>";
		};
		BFE1B8B52886B1810006B8F2 /* Model */ = {
			isa = PBXGroup;
			children = (
				BFE1B8B62886B1960006B8F2 /* Bar.swift */,
				BFE1B8B82886B2920006B8F2 /* ModelData.swift */,
			);
			path = Model;
			sourceTree = "<group>";
		};
		BFE1B8BA2886B2A10006B8F2 /* View */ = {
			isa = PBXGroup;
			children = (
				BFE1B8BB2886B2C10006B8F2 /* BarRow.swift */,
				BFE1B8BD2886B2E70006B8F2 /* CircleImage.swift */,
				BFE1B8922886B0690006B8F2 /* ContentView.swift */,
				BFE1B8BF2886B33D0006B8F2 /* MapView.swift */,
			);
			path = View;
			sourceTree = "<group>";
		};
		BFE1B8C12886B3820006B8F2 /* Resources */ = {
			isa = PBXGroup;
			children = (
				BF0082852886B3A7004E9D9E /* bar.json */,
			);
			path = Resources;
			sourceTree = "<group>";
		};
/* End PBXGroup section */

/* Begin PBXNativeTarget section */
		BFE1B88C2886B0690006B8F2 /* Dreamy Paradise */ = {
			isa = PBXNativeTarget;
			buildConfigurationList = BFE1B89B2886B06A0006B8F2 /* Build configuration list for PBXNativeTarget "Dreamy Paradise" */;
			buildPhases = (
				BFE1B8892886B0690006B8F2 /* Sources */,
				BFE1B88A2886B0690006B8F2 /* Frameworks */,
				BFE1B88B2886B0690006B8F2 /* Resources */,
			);
			buildRules = (
			);
			dependencies = (
			);
			name = "Dreamy Paradise";
			productName = "Dreamy Paradise";
			productReference = BFE1B88D2886B0690006B8F2 /* Dreamy Paradise.app */;
			productType = "com.apple.product-type.application";
		};
/* End PBXNativeTarget section */

/* Begin PBXProject section */
		BFE1B8852886B0690006B8F2 /* Project object */ = {
			isa = PBXProject;
			attributes = {
				BuildIndependentTargetsInParallel = 1;
				LastSwiftUpdateCheck = 1340;
				LastUpgradeCheck = 1340;
				TargetAttributes = {
					BFE1B88C2886B0690006B8F2 = {
						CreatedOnToolsVersion = 13.4.1;
					};
				};
			};
			buildConfigurationList = BFE1B8882886B0690006B8F2 /* Build configuration list for PBXProject "Dreamy Paradise" */;
			compatibilityVersion = "Xcode 13.0";
			developmentRegion = en;
			hasScannedForEncodings = 0;
			knownRegions = (
				en,
				Base,
			);
			mainGroup = BFE1B8842886B0690006B8F2;
			productRefGroup = BFE1B88E2886B0690006B8F2 /* Products */;
			projectDirPath = "";
			projectRoot = "";
			targets = (
				BFE1B88C2886B0690006B8F2 /* Dreamy Paradise */,
			);
		};
/* End PBXProject section */

/* Begin PBXResourcesBuildPhase section */
		BFE1B88B2886B0690006B8F2 /* Resources */ = {
			isa = PBXResourcesBuildPhase;
			buildActionMask = 2147483647;
			files = (
				BFE1B8982886B06A0006B8F2 /* Preview Assets.xcassets in Resources */,
				BFE1B8952886B06A0006B8F2 /* Assets.xcassets in Resources */,
				BF0082862886B3A7004E9D9E /* bar.json in Resources */,
			);
			runOnlyForDeploymentPostprocessing = 0;
		};
/* End PBXResourcesBuildPhase section */

/* Begin PBXSourcesBuildPhase section */
		BFE1B8892886B0690006B8F2 /* Sources */ = {
			isa = PBXSourcesBuildPhase;
			buildActionMask = 2147483647;
			files = (
				BFE1B8C02886B33D0006B8F2 /* MapView.swift in Sources */,
				BFE1B8932886B0690006B8F2 /* ContentView.swift in Sources */,
				BFE1B8B92886B2920006B8F2 /* ModelData.swift in Sources */,
				BFE1B8BC2886B2C10006B8F2 /* BarRow.swift in Sources */,
				BFE1B8B72886B1960006B8F2 /* Bar.swift in Sources */,
				BFE1B8912886B0690006B8F2 /* Dreamy_ParadiseApp.swift in Sources */,
				BFE1B8BE2886B2E70006B8F2 /* CircleImage.swift in Sources */,
			);
			runOnlyForDeploymentPostprocessing = 0;
		};
/* End PBXSourcesBuildPhase section */

/* Begin XCBuildConfiguration section */
		BFE1B8992886B06A0006B8F2 /* Debug */ = {
			isa = XCBuildConfiguration;
			buildSettings = {
				ALWAYS_SEARCH_USER_PATHS = NO;
				CLANG_ANALYZER_NONNULL = YES;
				CLANG_ANALYZER_NUMBER_OBJECT_CONVERSION = YES_AGGRESSIVE;
				CLANG_CXX_LANGUAGE_STANDARD = "gnu++17";
				CLANG_ENABLE_MODULES = YES;
				CLANG_ENABLE_OBJC_ARC = YES;
				CLANG_ENABLE_OBJC_WEAK = YES;
				CLANG_WARN_BLOCK_CAPTURE_AUTORELEASING = YES;
				CLANG_WARN_BOOL_CONVERSION = YES;
				CLANG_WARN_COMMA = YES;
				CLANG_WARN_CONSTANT_CONVERSION = YES;
				CLANG_WARN_DEPRECATED_OBJC_IMPLEMENTATIONS = YES;
				CLANG_WARN_DIRECT_OBJC_ISA_USAGE = YES_ERROR;
				CLANG_WARN_DOCUMENTATION_COMMENTS = YES;
				CLANG_WARN_EMPTY_BODY = YES;
				CLANG_WARN_ENUM_CONVERSION = YES;
				CLANG_WARN_INFINITE_RECURSION = YES;
				CLANG_WARN_INT_CONVERSION = YES;
				CLANG_WARN_NON_LITERAL_NULL_CONVERSION = YES;
				CLANG_WARN_OBJC_IMPLICIT_RETAIN_SELF = YES;
				CLANG_WARN_OBJC_LITERAL_CONVERSION = YES;
				CLANG_WARN_OBJC_ROOT_CLASS = YES_ERROR;
				CLANG_WARN_QUOTED_INCLUDE_IN_FRAMEWORK_HEADER = YES;
				CLANG_WARN_RANGE_LOOP_ANALYSIS = YES;
				CLANG_WARN_STRICT_PROTOTYPES = YES;
				CLANG_WARN_SUSPICIOUS_MOVE = YES;
				CLANG_WARN_UNGUARDED_AVAILABILITY = YES_AGGRESSIVE;
				CLANG_WARN_UNREACHABLE_CODE = YES;
				CLANG_WARN__DUPLICATE_METHOD_MATCH = YES;
				COPY_PHASE_STRIP = NO;
				DEBUG_INFORMATION_FORMAT = dwarf;
				ENABLE_STRICT_OBJC_MSGSEND = YES;
				ENABLE_TESTABILITY = YES;
				GCC_C_LANGUAGE_STANDARD = gnu11;
				GCC_DYNAMIC_NO_PIC = NO;
				GCC_NO_COMMON_BLOCKS = YES;
				GCC_OPTIMIZATION_LEVEL = 0;
				GCC_PREPROCESSOR_DEFINITIONS = (
					"DEBUG=1",
					"$(inherited)",
				);
				GCC_WARN_64_TO_32_BIT_CONVERSION = YES;
				GCC_WARN_ABOUT_RETURN_TYPE = YES_ERROR;
				GCC_WARN_UNDECLARED_SELECTOR = YES;
				GCC_WARN_UNINITIALIZED_AUTOS = YES_AGGRESSIVE;
				GCC_WARN_UNUSED_FUNCTION = YES;
				GCC_WARN_UNUSED_VARIABLE = YES;
				IPHONEOS_DEPLOYMENT_TARGET = 15.5;
				MTL_ENABLE_DEBUG_INFO = INCLUDE_SOURCE;
				MTL_FAST_MATH = YES;
				ONLY_ACTIVE_ARCH = YES;
				SDKROOT = iphoneos;
				SWIFT_ACTIVE_COMPILATION_CONDITIONS = DEBUG;
				SWIFT_OPTIMIZATION_LEVEL = "-Onone";
			};
			name = Debug;
		};
		BFE1B89A2886B06A0006B8F2 /* Release */ = {
			isa = XCBuildConfiguration;
			buildSettings = {
				ALWAYS_SEARCH_USER_PATHS = NO;
				CLANG_ANALYZER_NONNULL = YES;
				CLANG_ANALYZER_NUMBER_OBJECT_CONVERSION = YES_AGGRESSIVE;
				CLANG_CXX_LANGUAGE_STANDARD = "gnu++17";
				CLANG_ENABLE_MODULES = YES;
				CLANG_ENABLE_OBJC_ARC = YES;
				CLANG_ENABLE_OBJC_WEAK = YES;
				CLANG_WARN_BLOCK_CAPTURE_AUTORELEASING = YES;
				CLANG_WARN_BOOL_CONVERSION = YES;
				CLANG_WARN_COMMA = YES;
				CLANG_WARN_CONSTANT_CONVERSION = YES;
				CLANG_WARN_DEPRECATED_OBJC_IMPLEMENTATIONS = YES;
				CLANG_WARN_DIRECT_OBJC_ISA_USAGE = YES_ERROR;
				CLANG_WARN_DOCUMENTATION_COMMENTS = YES;
				CLANG_WARN_EMPTY_BODY = YES;
				CLANG_WARN_ENUM_CONVERSION = YES;
				CLANG_WARN_INFINITE_RECURSION = YES;
				CLANG_WARN_INT_CONVERSION = YES;
				CLANG_WARN_NON_LITERAL_NULL_CONVERSION = YES;
				CLANG_WARN_OBJC_IMPLICIT_RETAIN_SELF = YES;
				CLANG_WARN_OBJC_LITERAL_CONVERSION = YES;
				CLANG_WARN_OBJC_ROOT_CLASS = YES_ERROR;
				CLANG_WARN_QUOTED_INCLUDE_IN_FRAMEWORK_HEADER = YES;
				CLANG_WARN_RANGE_LOOP_ANALYSIS = YES;
				CLANG_WARN_STRICT_PROTOTYPES = YES;
				CLANG_WARN_SUSPICIOUS_MOVE = YES;
				CLANG_WARN_UNGUARDED_AVAILABILITY = YES_AGGRESSIVE;
				CLANG_WARN_UNREACHABLE_CODE = YES;
				CLANG_WARN__DUPLICATE_METHOD_MATCH = YES;
				COPY_PHASE_STRIP = NO;
				DEBUG_INFORMATION_FORMAT = "dwarf-with-dsym";
				ENABLE_NS_ASSERTIONS = NO;
				ENABLE_STRICT_OBJC_MSGSEND = YES;
				GCC_C_LANGUAGE_STANDARD = gnu11;
				GCC_NO_COMMON_BLOCKS = YES;
				GCC_WARN_64_TO_32_BIT_CONVERSION = YES;
				GCC_WARN_ABOUT_RETURN_TYPE = YES_ERROR;
				GCC_WARN_UNDECLARED_SELECTOR = YES;
				GCC_WARN_UNINITIALIZED_AUTOS = YES_AGGRESSIVE;
				GCC_WARN_UNUSED_FUNCTION = YES;
				GCC_WARN_UNUSED_VARIABLE = YES;
				IPHONEOS_DEPLOYMENT_TARGET = 15.5;
				MTL_ENABLE_DEBUG_INFO = NO;
				MTL_FAST_MATH = YES;
				SDKROOT = iphoneos;
				SWIFT_COMPILATION_MODE = wholemodule;
				SWIFT_OPTIMIZATION_LEVEL = "-O";
				VALIDATE_PRODUCT = YES;
			};
			name = Release;
		};
		BFE1B89C2886B06A0006B8F2 /* Debug */ = {
			isa = XCBuildConfiguration;
			buildSettings = {
				ASSETCATALOG_COMPILER_APPICON_NAME = AppIcon;
				ASSETCATALOG_COMPILER_GLOBAL_ACCENT_COLOR_NAME = AccentColor;
				CODE_SIGN_STYLE = Automatic;
				CURRENT_PROJECT_VERSION = 1;
				DEVELOPMENT_ASSET_PATHS = "\"Dreamy Paradise/Preview Content\"";
				ENABLE_PREVIEWS = YES;
				GENERATE_INFOPLIST_FILE = YES;
				INFOPLIST_KEY_UIApplicationSceneManifest_Generation = YES;
				INFOPLIST_KEY_UIApplicationSupportsIndirectInputEvents = YES;
				INFOPLIST_KEY_UILaunchScreen_Generation = YES;
				INFOPLIST_KEY_UISupportedInterfaceOrientations_iPad = "UIInterfaceOrientationPortrait UIInterfaceOrientationPortraitUpsideDown UIInterfaceOrientationLandscapeLeft UIInterfaceOrientationLandscapeRight";
				INFOPLIST_KEY_UISupportedInterfaceOrientations_iPhone = "UIInterfaceOrientationPortrait UIInterfaceOrientationLandscapeLeft UIInterfaceOrientationLandscapeRight";
				LD_RUNPATH_SEARCH_PATHS = (
					"$(inherited)",
					"@executable_path/Frameworks",
				);
				MARKETING_VERSION = 1.0;
				PRODUCT_BUNDLE_IDENTIFIER = "vn.edu.rmit.khang.Dreamy-Paradise";
				PRODUCT_NAME = "$(TARGET_NAME)";
				SWIFT_EMIT_LOC_STRINGS = YES;
				SWIFT_VERSION = 5.0;
				TARGETED_DEVICE_FAMILY = "1,2";
			};
			name = Debug;
		};
		BFE1B89D2886B06A0006B8F2 /* Release */ = {
			isa = XCBuildConfiguration;
			buildSettings = {
				ASSETCATALOG_COMPILER_APPICON_NAME = AppIcon;
				ASSETCATALOG_COMPILER_GLOBAL_ACCENT_COLOR_NAME = AccentColor;
				CODE_SIGN_STYLE = Automatic;
				CURRENT_PROJECT_VERSION = 1;
				DEVELOPMENT_ASSET_PATHS = "\"Dreamy Paradise/Preview Content\"";
				ENABLE_PREVIEWS = YES;
				GENERATE_INFOPLIST_FILE = YES;
				INFOPLIST_KEY_UIApplicationSceneManifest_Generation = YES;
				INFOPLIST_KEY_UIApplicationSupportsIndirectInputEvents = YES;
				INFOPLIST_KEY_UILaunchScreen_Generation = YES;
				INFOPLIST_KEY_UISupportedInterfaceOrientations_iPad = "UIInterfaceOrientationPortrait UIInterfaceOrientationPortraitUpsideDown UIInterfaceOrientationLandscapeLeft UIInterfaceOrientationLandscapeRight";
				INFOPLIST_KEY_UISupportedInterfaceOrientations_iPhone = "UIInterfaceOrientationPortrait UIInterfaceOrientationLandscapeLeft UIInterfaceOrientationLandscapeRight";
				LD_RUNPATH_SEARCH_PATHS = (
					"$(inherited)",
					"@executable_path/Frameworks",
				);
				MARKETING_VERSION = 1.0;
				PRODUCT_BUNDLE_IDENTIFIER = "vn.edu.rmit.khang.Dreamy-Paradise";
				PRODUCT_NAME = "$(TARGET_NAME)";
				SWIFT_EMIT_LOC_STRINGS = YES;
				SWIFT_VERSION = 5.0;
				TARGETED_DEVICE_FAMILY = "1,2";
			};
			name = Release;
		};
/* End XCBuildConfiguration section */

/* Begin XCConfigurationList section */
		BFE1B8882886B0690006B8F2 /* Build configuration list for PBXProject "Dreamy Paradise" */ = {
			isa = XCConfigurationList;
			buildConfigurations = (
				BFE1B8992886B06A0006B8F2 /* Debug */,
				BFE1B89A2886B06A0006B8F2 /* Release */,
			);
			defaultConfigurationIsVisible = 0;
			defaultConfigurationName = Release;
		};
		BFE1B89B2886B06A0006B8F2 /* Build configuration list for PBXNativeTarget "Dreamy Paradise" */ = {
			isa = XCConfigurationList;
			buildConfigurations = (
				BFE1B89C2886B06A0006B8F2 /* Debug */,
				BFE1B89D2886B06A0006B8F2 /* Release */,
			);
			defaultConfigurationIsVisible = 0;
			defaultConfigurationName = Release;
		};
/* End XCConfigurationList section */
	};
	rootObject = BFE1B8852886B0690006B8F2 /* Project object */;
}
